
Microsoft Visual Studio Solution File, Format Version 12.00
# Visual Studio 15
VisualStudioVersion = 15.0.27130.2027
MinimumVisualStudioVersion = 10.0.40219.1
Project("{9A19103F-16F7-4668-BE54-9A1E7A4F7556}") = "Snapper.Core", "Snapper.Core\Snapper.Core.csproj", "{1605F3E8-7DA5-47B1-BA57-3B52A4EFADEE}"
EndProject
Project("{9A19103F-16F7-4668-BE54-9A1E7A4F7556}") = "Snapper.Json", "Snapper.Json\Snapper.Json.csproj", "{BCBA16A1-A361-43ED-96FF-71960BC7AD84}"
EndProject
Project("{9A19103F-16F7-4668-BE54-9A1E7A4F7556}") = "Snapper.Json.Xunit", "Snapper.Json.Xunit\Snapper.Json.Xunit.csproj", "{010FA290-B3B5-4AD4-8C7E-486D116E9868}"
EndProject
Project("{9A19103F-16F7-4668-BE54-9A1E7A4F7556}") = "Snapper.Core.Tests", "Snapper.Core.Tests\Snapper.Core.Tests.csproj", "{8B491CA7-A86D-47F5-86BF-8A545076892B}"
EndProject
Project("{2150E333-8FDC-42A3-9474-1A3956D46DE8}") = "Tests", "Tests", "{634162BB-9132-43E2-8741-DEE5F2F202A1}"
EndProject
Project("{FAE04EC0-301F-11D3-BF4B-00C04F79EFBC}") = "Snapper.Json.Tests", "Snapper.Json.Tests\Snapper.Json.Tests.csproj", "{A0ADBE86-459B-49B3-878D-36DF32D75CA9}"
EndProject
Project("{FAE04EC0-301F-11D3-BF4B-00C04F79EFBC}") = "Snapper.Json.Nunit", "Snapper.Json.Nunit\Snapper.Json.Nunit.csproj", "{CF835107-C383-42A6-B71B-0854BD72138C}"
EndProject
Project("{FAE04EC0-301F-11D3-BF4B-00C04F79EFBC}") = "Snapper.Json.Nunit.Tests", "Snapper.Json.Nunit.Tests\Snapper.Json.Nunit.Tests.csproj", "{B1C0D671-DDE2-44A1-8D58-B0370508A32E}"
EndProject
Global
	GlobalSection(SolutionConfigurationPlatforms) = preSolution
		Debug|Any CPU = Debug|Any CPU
		Release|Any CPU = Release|Any CPU
	EndGlobalSection
	GlobalSection(ProjectConfigurationPlatforms) = postSolution
		{1605F3E8-7DA5-47B1-BA57-3B52A4EFADEE}.Debug|Any CPU.ActiveCfg = Debug|Any CPU
		{1605F3E8-7DA5-47B1-BA57-3B52A4EFADEE}.Debug|Any CPU.Build.0 = Debug|Any CPU
		{1605F3E8-7DA5-47B1-BA57-3B52A4EFADEE}.Release|Any CPU.ActiveCfg = Release|Any CPU
		{1605F3E8-7DA5-47B1-BA57-3B52A4EFADEE}.Release|Any CPU.Build.0 = Release|Any CPU
		{BCBA16A1-A361-43ED-96FF-71960BC7AD84}.Debug|Any CPU.ActiveCfg = Debug|Any CPU
		{BCBA16A1-A361-43ED-96FF-71960BC7AD84}.Debug|Any CPU.Build.0 = Debug|Any CPU
		{BCBA16A1-A361-43ED-96FF-71960BC7AD84}.Release|Any CPU.ActiveCfg = Release|Any CPU
		{BCBA16A1-A361-43ED-96FF-71960BC7AD84}.Release|Any CPU.Build.0 = Release|Any CPU
		{010FA290-B3B5-4AD4-8C7E-486D116E9868}.Debug|Any CPU.ActiveCfg = Debug|Any CPU
		{010FA290-B3B5-4AD4-8C7E-486D116E9868}.Debug|Any CPU.Build.0 = Debug|Any CPU
		{010FA290-B3B5-4AD4-8C7E-486D116E9868}.Release|Any CPU.ActiveCfg = Release|Any CPU
		{010FA290-B3B5-4AD4-8C7E-486D116E9868}.Release|Any CPU.Build.0 = Release|Any CPU
		{8B491CA7-A86D-47F5-86BF-8A545076892B}.Debug|Any CPU.ActiveCfg = Debug|Any CPU
		{8B491CA7-A86D-47F5-86BF-8A545076892B}.Debug|Any CPU.Build.0 = Debug|Any CPU
		{8B491CA7-A86D-47F5-86BF-8A545076892B}.Release|Any CPU.ActiveCfg = Release|Any CPU
		{8B491CA7-A86D-47F5-86BF-8A545076892B}.Release|Any CPU.Build.0 = Release|Any CPU
		{A0ADBE86-459B-49B3-878D-36DF32D75CA9}.Debug|Any CPU.ActiveCfg = Debug|Any CPU
		{A0ADBE86-459B-49B3-878D-36DF32D75CA9}.Debug|Any CPU.Build.0 = Debug|Any CPU
		{A0ADBE86-459B-49B3-878D-36DF32D75CA9}.Release|Any CPU.ActiveCfg = Release|Any CPU
		{A0ADBE86-459B-49B3-878D-36DF32D75CA9}.Release|Any CPU.Build.0 = Release|Any CPU
		{B1C0D671-DDE2-44A1-8D58-B0370508A32E}.Debug|Any CPU.ActiveCfg = Debug|Any CPU
		{B1C0D671-DDE2-44A1-8D58-B0370508A32E}.Debug|Any CPU.Build.0 = Debug|Any CPU
		{B1C0D671-DDE2-44A1-8D58-B0370508A32E}.Release|Any CPU.ActiveCfg = Release|Any CPU
		{B1C0D671-DDE2-44A1-8D58-B0370508A32E}.Release|Any CPU.Build.0 = Release|Any CPU
	EndGlobalSection
	GlobalSection(SolutionProperties) = preSolution
		HideSolutionNode = FALSE
	EndGlobalSection
	GlobalSection(NestedProjects) = preSolution
		{8B491CA7-A86D-47F5-86BF-8A545076892B} = {634162BB-9132-43E2-8741-DEE5F2F202A1}
		{A0ADBE86-459B-49B3-878D-36DF32D75CA9} = {634162BB-9132-43E2-8741-DEE5F2F202A1}
		{B1C0D671-DDE2-44A1-8D58-B0370508A32E} = {634162BB-9132-43E2-8741-DEE5F2F202A1}
	EndGlobalSection
	GlobalSection(ExtensibilityGlobals) = postSolution
		SolutionGuid = {24DD48CC-B026-4BFC-BED2-9554A34FB24C}
	EndGlobalSection
EndGlobal
