
Microsoft Visual Studio Solution File, Format Version 12.00
# Visual Studio Version 16
VisualStudioVersion = 16.0.30717.126
MinimumVisualStudioVersion = 10.0.40219.1
Project("{2150E333-8FDC-42A3-9474-1A3956D46DE8}") = "Tests", "Tests", "{634162BB-9132-43E2-8741-DEE5F2F202A1}"
EndProject
Project("{9A19103F-16F7-4668-BE54-9A1E7A4F7556}") = "Snapper", "Snapper\Snapper.csproj", "{DBA88173-825A-444A-9407-E850AECAEAF7}"
EndProject
Project("{9A19103F-16F7-4668-BE54-9A1E7A4F7556}") = "Snapper.Tests", "Tests\Snapper.Tests\Snapper.Tests.csproj", "{6869334B-0C1C-4CA2-8823-C09DE1EF4540}"
EndProject
Project("{9A19103F-16F7-4668-BE54-9A1E7A4F7556}") = "Snapper.Internals.Tests", "Tests\Snapper.Internals.Tests\Snapper.Internals.Tests.csproj", "{B92D380C-B704-4BB8-A9AF-AE2B907ABB92}"
EndProject
Project("{2150E333-8FDC-42A3-9474-1A3956D46DE8}") = "Solution Items", "Solution Items", "{6E0B032F-3003-4369-B579-783150516801}"
	ProjectSection(SolutionItems) = preProject
		Directory.Build.props = Directory.Build.props
		Snapper.snk = Snapper.snk
	EndProjectSection
EndProject
Project("{9A19103F-16F7-4668-BE54-9A1E7A4F7556}") = "Snapper.TestFrameworkSupport.Tests", "Tests\Snapper.TestFrameworkSupport.Tests\Snapper.TestFrameworkSupport.Tests.csproj", "{21D3BF77-636D-4953-AA6A-C68FC39D3A1F}"
EndProject
Global
	GlobalSection(SolutionConfigurationPlatforms) = preSolution
		Debug|Any CPU = Debug|Any CPU
		Release|Any CPU = Release|Any CPU
	EndGlobalSection
	GlobalSection(ProjectConfigurationPlatforms) = postSolution
		{DBA88173-825A-444A-9407-E850AECAEAF7}.Debug|Any CPU.ActiveCfg = Debug|Any CPU
		{DBA88173-825A-444A-9407-E850AECAEAF7}.Debug|Any CPU.Build.0 = Debug|Any CPU
		{DBA88173-825A-444A-9407-E850AECAEAF7}.Release|Any CPU.ActiveCfg = Release|Any CPU
		{DBA88173-825A-444A-9407-E850AECAEAF7}.Release|Any CPU.Build.0 = Release|Any CPU
		{6869334B-0C1C-4CA2-8823-C09DE1EF4540}.Debug|Any CPU.ActiveCfg = Debug|Any CPU
		{6869334B-0C1C-4CA2-8823-C09DE1EF4540}.Debug|Any CPU.Build.0 = Debug|Any CPU
		{6869334B-0C1C-4CA2-8823-C09DE1EF4540}.Release|Any CPU.ActiveCfg = Release|Any CPU
		{6869334B-0C1C-4CA2-8823-C09DE1EF4540}.Release|Any CPU.Build.0 = Release|Any CPU
		{B92D380C-B704-4BB8-A9AF-AE2B907ABB92}.Debug|Any CPU.ActiveCfg = Debug|Any CPU
		{B92D380C-B704-4BB8-A9AF-AE2B907ABB92}.Debug|Any CPU.Build.0 = Debug|Any CPU
		{B92D380C-B704-4BB8-A9AF-AE2B907ABB92}.Release|Any CPU.ActiveCfg = Release|Any CPU
		{B92D380C-B704-4BB8-A9AF-AE2B907ABB92}.Release|Any CPU.Build.0 = Release|Any CPU
		{21D3BF77-636D-4953-AA6A-C68FC39D3A1F}.Debug|Any CPU.ActiveCfg = Debug|Any CPU
		{21D3BF77-636D-4953-AA6A-C68FC39D3A1F}.Debug|Any CPU.Build.0 = Debug|Any CPU
		{21D3BF77-636D-4953-AA6A-C68FC39D3A1F}.Release|Any CPU.ActiveCfg = Release|Any CPU
		{21D3BF77-636D-4953-AA6A-C68FC39D3A1F}.Release|Any CPU.Build.0 = Release|Any CPU
	EndGlobalSection
	GlobalSection(SolutionProperties) = preSolution
		HideSolutionNode = FALSE
	EndGlobalSection
	GlobalSection(NestedProjects) = preSolution
		{6869334B-0C1C-4CA2-8823-C09DE1EF4540} = {634162BB-9132-43E2-8741-DEE5F2F202A1}
		{B92D380C-B704-4BB8-A9AF-AE2B907ABB92} = {634162BB-9132-43E2-8741-DEE5F2F202A1}
		{21D3BF77-636D-4953-AA6A-C68FC39D3A1F} = {634162BB-9132-43E2-8741-DEE5F2F202A1}
	EndGlobalSection
	GlobalSection(ExtensibilityGlobals) = postSolution
		SolutionGuid = {24DD48CC-B026-4BFC-BED2-9554A34FB24C}
	EndGlobalSection
EndGlobal
